github.com/bazelbuild/buildtools v0.0.0-20190404153937-93253d6efaa9 h1:WHyHxJd9ZTyyXqlEuheY93v4cPJLBy0SIEshPCcK0xQ=
github.com/bazelbuild/buildtools v0.0.0-20190404153937-93253d6efaa9/go.mod h1:5JP0TXzWDHXv8qvxRC4InIazwdyDseBDbzESUMKk1yU=
github.com/golang/protobuf v1.3.1 h1:YF8+flBXS5eO826T4nzqPrxfhQThhXl0YzfuUPu4SBg=
github.com/golang/protobuf v1.3.1/go.mod h1:6lQm79b+lXiMfvg/cZm0SGofjICqVBUtrP5yJMmIC1U=
